// !$*UTF8*$!
{
	archiveVersion = 1;
	classes = {
	};
	objectVersion = 55;
	objects = {

/* Begin PBXBuildFile section */
		892EC42B295703C400F9D307 /* AppDelegate.swift in Sources */ = {isa = PBXBuildFile; fileRef = 892EC42A295703C400F9D307 /* AppDelegate.swift */; };
		892EC42D295703C400F9D307 /* SceneDelegate.swift in Sources */ = {isa = PBXBuildFile; fileRef = 892EC42C295703C400F9D307 /* SceneDelegate.swift */; };
		892EC42F295703C400F9D307 /* ViewController.swift in Sources */ = {isa = PBXBuildFile; fileRef = 892EC42E295703C400F9D307 /* ViewController.swift */; };
		892EC432295703C400F9D307 /* Main.storyboard in Resources */ = {isa = PBXBuildFile; fileRef = 892EC430295703C400F9D307 /* Main.storyboard */; };
		892EC434295703C700F9D307 /* Assets.xcassets in Resources */ = {isa = PBXBuildFile; fileRef = 892EC433295703C700F9D307 /* Assets.xcassets */; };
		892EC437295703C700F9D307 /* LaunchScreen.storyboard in Resources */ = {isa = PBXBuildFile; fileRef = 892EC435295703C700F9D307 /* LaunchScreen.storyboard */; };
		892EC45B295706C600F9D307 /* TableViewController.swift in Sources */ = {isa = PBXBuildFile; fileRef = 892EC45A295706C600F9D307 /* TableViewController.swift */; };
		892EC45D29571C8400F9D307 /* ProductTableViewCell.swift in Sources */ = {isa = PBXBuildFile; fileRef = 892EC45C29571C8300F9D307 /* ProductTableViewCell.swift */; };
		892EC45F2957458C00F9D307 /* Week.swift in Sources */ = {isa = PBXBuildFile; fileRef = 892EC45E2957458C00F9D307 /* Week.swift */; };
		892EC46129574AE300F9D307 /* WeekManager.swift in Sources */ = {isa = PBXBuildFile; fileRef = 892EC46029574AE200F9D307 /* WeekManager.swift */; };
		892EC46329574E6200F9D307 /* NetworkImageView.swift in Sources */ = {isa = PBXBuildFile; fileRef = 892EC46229574E6200F9D307 /* NetworkImageView.swift */; };
		894AF00C2977016600AC52ED /* Kingfisher in Frameworks */ = {isa = PBXBuildFile; productRef = 894AF00B2977016600AC52ED /* Kingfisher */; };
		894AF00E297707B200AC52ED /* CollectionViewController.swift in Sources */ = {isa = PBXBuildFile; fileRef = 894AF00D297707B200AC52ED /* CollectionViewController.swift */; };
		894AF01129770B6A00AC52ED /* CollectionViewCell.swift in Sources */ = {isa = PBXBuildFile; fileRef = 894AF00F29770B6A00AC52ED /* CollectionViewCell.swift */; };
		894AF01229770B6A00AC52ED /* CollectionViewCell.xib in Resources */ = {isa = PBXBuildFile; fileRef = 894AF01029770B6A00AC52ED /* CollectionViewCell.xib */; };
		894AF0142977155400AC52ED /* Event.swift in Sources */ = {isa = PBXBuildFile; fileRef = 894AF0132977155400AC52ED /* Event.swift */; };
		894AF0162977157100AC52ED /* EventManager.swift in Sources */ = {isa = PBXBuildFile; fileRef = 894AF0152977157100AC52ED /* EventManager.swift */; };
		894AF01E2980832600AC52ED /* CocoaTextField in Frameworks */ = {isa = PBXBuildFile; productRef = 894AF01D2980832600AC52ED /* CocoaTextField */; };
		894AF0202980985100AC52ED /* AddTaskViewController.swift in Sources */ = {isa = PBXBuildFile; fileRef = 894AF01F2980985000AC52ED /* AddTaskViewController.swift */; };
		894AF0232982DCFB00AC52ED /* PinLayout in Frameworks */ = {isa = PBXBuildFile; productRef = 894AF0222982DCFB00AC52ED /* PinLayout */; };
/* End PBXBuildFile section */

/* Begin PBXContainerItemProxy section */
		892EC43E295703C700F9D307 /* PBXContainerItemProxy */ = {
			isa = PBXContainerItemProxy;
			containerPortal = 892EC41F295703C400F9D307 /* Project object */;
			proxyType = 1;
			remoteGlobalIDString = 892EC426295703C400F9D307;
			remoteInfo = TimetableAlpha;
		};
		892EC448295703C700F9D307 /* PBXContainerItemProxy */ = {
			isa = PBXContainerItemProxy;
			containerPortal = 892EC41F295703C400F9D307 /* Project object */;
			proxyType = 1;
			remoteGlobalIDString = 892EC426295703C400F9D307;
			remoteInfo = TimetableAlpha;
		};
/* End PBXContainerItemProxy section */

/* Begin PBXFileReference section */
		892EC427295703C400F9D307 /* TimetableAlpha.app */ = {isa = PBXFileReference; explicitFileType = wrapper.application; includeInIndex = 0; path = TimetableAlpha.app; sourceTree = BUILT_PRODUCTS_DIR; };
		892EC42A295703C400F9D307 /* AppDelegate.swift */ = {isa = PBXFileReference; lastKnownFileType = sourcecode.swift; path = AppDelegate.swift; sourceTree = "<group>"; };
		892EC42C295703C400F9D307 /* SceneDelegate.swift */ = {isa = PBXFileReference; lastKnownFileType = sourcecode.swift; path = SceneDelegate.swift; sourceTree = "<group>"; };
		892EC42E295703C400F9D307 /* ViewController.swift */ = {isa = PBXFileReference; lastKnownFileType = sourcecode.swift; path = ViewController.swift; sourceTree = "<group>"; };
		892EC431295703C400F9D307 /* Base */ = {isa = PBXFileReference; lastKnownFileType = file.storyboard; name = Base; path = Base.lproj/Main.storyboard; sourceTree = "<group>"; };
		892EC433295703C700F9D307 /* Assets.xcassets */ = {isa = PBXFileReference; lastKnownFileType = folder.assetcatalog; path = Assets.xcassets; sourceTree = "<group>"; };
		892EC436295703C700F9D307 /* Base */ = {isa = PBXFileReference; lastKnownFileType = file.storyboard; name = Base; path = Base.lproj/LaunchScreen.storyboard; sourceTree = "<group>"; };
		892EC438295703C700F9D307 /* Info.plist */ = {isa = PBXFileReference; lastKnownFileType = text.plist.xml; path = Info.plist; sourceTree = "<group>"; };
		892EC43D295703C700F9D307 /* TimetableAlphaTests.xctest */ = {isa = PBXFileReference; explicitFileType = wrapper.cfbundle; includeInIndex = 0; path = TimetableAlphaTests.xctest; sourceTree = BUILT_PRODUCTS_DIR; };
		892EC447295703C700F9D307 /* TimetableAlphaUITests.xctest */ = {isa = PBXFileReference; explicitFileType = wrapper.cfbundle; includeInIndex = 0; path = TimetableAlphaUITests.xctest; sourceTree = BUILT_PRODUCTS_DIR; };
		892EC45A295706C600F9D307 /* TableViewController.swift */ = {isa = PBXFileReference; lastKnownFileType = sourcecode.swift; path = TableViewController.swift; sourceTree = "<group>"; };
		892EC45C29571C8300F9D307 /* ProductTableViewCell.swift */ = {isa = PBXFileReference; lastKnownFileType = sourcecode.swift; path = ProductTableViewCell.swift; sourceTree = "<group>"; };
		892EC45E2957458C00F9D307 /* Week.swift */ = {isa = PBXFileReference; lastKnownFileType = sourcecode.swift; path = Week.swift; sourceTree = "<group>"; };
		892EC46029574AE200F9D307 /* WeekManager.swift */ = {isa = PBXFileReference; lastKnownFileType = sourcecode.swift; path = WeekManager.swift; sourceTree = "<group>"; };
		892EC46229574E6200F9D307 /* NetworkImageView.swift */ = {isa = PBXFileReference; lastKnownFileType = sourcecode.swift; path = NetworkImageView.swift; sourceTree = "<group>"; };
		894AF00D297707B200AC52ED /* CollectionViewController.swift */ = {isa = PBXFileReference; lastKnownFileType = sourcecode.swift; path = CollectionViewController.swift; sourceTree = "<group>"; };
		894AF00F29770B6A00AC52ED /* CollectionViewCell.swift */ = {isa = PBXFileReference; lastKnownFileType = sourcecode.swift; path = CollectionViewCell.swift; sourceTree = "<group>"; };
		894AF01029770B6A00AC52ED /* CollectionViewCell.xib */ = {isa = PBXFileReference; lastKnownFileType = file.xib; path = CollectionViewCell.xib; sourceTree = "<group>"; };
		894AF0132977155400AC52ED /* Event.swift */ = {isa = PBXFileReference; lastKnownFileType = sourcecode.swift; path = Event.swift; sourceTree = "<group>"; };
		894AF0152977157100AC52ED /* EventManager.swift */ = {isa = PBXFileReference; lastKnownFileType = sourcecode.swift; path = EventManager.swift; sourceTree = "<group>"; };
		894AF01F2980985000AC52ED /* AddTaskViewController.swift */ = {isa = PBXFileReference; lastKnownFileType = sourcecode.swift; path = AddTaskViewController.swift; sourceTree = "<group>"; };
/* End PBXFileReference section */

/* Begin PBXFrameworksBuildPhase section */
		892EC424295703C400F9D307 /* Frameworks */ = {
			isa = PBXFrameworksBuildPhase;
			buildActionMask = 2147483647;
			files = (
				894AF0232982DCFB00AC52ED /* PinLayout in Frameworks */,
				894AF01E2980832600AC52ED /* CocoaTextField in Frameworks */,
				894AF00C2977016600AC52ED /* Kingfisher in Frameworks */,
			);
			runOnlyForDeploymentPostprocessing = 0;
		};
		892EC43A295703C700F9D307 /* Frameworks */ = {
			isa = PBXFrameworksBuildPhase;
			buildActionMask = 2147483647;
			files = (
			);
			runOnlyForDeploymentPostprocessing = 0;
		};
		892EC444295703C700F9D307 /* Frameworks */ = {
			isa = PBXFrameworksBuildPhase;
			buildActionMask = 2147483647;
			files = (
			);
			runOnlyForDeploymentPostprocessing = 0;
		};
/* End PBXFrameworksBuildPhase section */

/* Begin PBXGroup section */
		892EC41E295703C400F9D307 = {
			isa = PBXGroup;
			children = (
				892EC429295703C400F9D307 /* TimetableAlpha */,
				892EC428295703C400F9D307 /* Products */,
			);
			sourceTree = "<group>";
		};
		892EC428295703C400F9D307 /* Products */ = {
			isa = PBXGroup;
			children = (
				892EC427295703C400F9D307 /* TimetableAlpha.app */,
				892EC43D295703C700F9D307 /* TimetableAlphaTests.xctest */,
				892EC447295703C700F9D307 /* TimetableAlphaUITests.xctest */,
			);
			name = Products;
			sourceTree = "<group>";
		};
		892EC429295703C400F9D307 /* TimetableAlpha */ = {
			isa = PBXGroup;
			children = (
				892EC42A295703C400F9D307 /* AppDelegate.swift */,
				892EC42C295703C400F9D307 /* SceneDelegate.swift */,
				892EC42E295703C400F9D307 /* ViewController.swift */,
				892EC46229574E6200F9D307 /* NetworkImageView.swift */,
				892EC430295703C400F9D307 /* Main.storyboard */,
				892EC433295703C700F9D307 /* Assets.xcassets */,
				892EC435295703C700F9D307 /* LaunchScreen.storyboard */,
				892EC438295703C700F9D307 /* Info.plist */,
				894AF0082957601500AC52ED /* Table */,
				894AF017297716DB00AC52ED /* Event */,
				894AF0092957603500AC52ED /* Week */,
				894AF00D297707B200AC52ED /* CollectionViewController.swift */,
				894AF00F29770B6A00AC52ED /* CollectionViewCell.swift */,
				894AF01029770B6A00AC52ED /* CollectionViewCell.xib */,
				894AF01F2980985000AC52ED /* AddTaskViewController.swift */,
			);
			path = TimetableAlpha;
			sourceTree = "<group>";
		};
		894AF0082957601500AC52ED /* Table */ = {
			isa = PBXGroup;
			children = (
				892EC45A295706C600F9D307 /* TableViewController.swift */,
				892EC45C29571C8300F9D307 /* ProductTableViewCell.swift */,
			);
			path = Table;
			sourceTree = "<group>";
		};
		894AF0092957603500AC52ED /* Week */ = {
			isa = PBXGroup;
			children = (
				892EC45E2957458C00F9D307 /* Week.swift */,
				892EC46029574AE200F9D307 /* WeekManager.swift */,
			);
			path = Week;
			sourceTree = "<group>";
		};
		894AF017297716DB00AC52ED /* Event */ = {
			isa = PBXGroup;
			children = (
				894AF0132977155400AC52ED /* Event.swift */,
				894AF0152977157100AC52ED /* EventManager.swift */,
			);
			path = Event;
			sourceTree = "<group>";
		};
/* End PBXGroup section */

/* Begin PBXNativeTarget section */
		892EC426295703C400F9D307 /* TimetableAlpha */ = {
			isa = PBXNativeTarget;
			buildConfigurationList = 892EC451295703C700F9D307 /* Build configuration list for PBXNativeTarget "TimetableAlpha" */;
			buildPhases = (
				892EC423295703C400F9D307 /* Sources */,
				892EC424295703C400F9D307 /* Frameworks */,
				892EC425295703C400F9D307 /* Resources */,
			);
			buildRules = (
			);
			dependencies = (
			);
			name = TimetableAlpha;
			packageProductDependencies = (
				894AF00B2977016600AC52ED /* Kingfisher */,
				894AF01D2980832600AC52ED /* CocoaTextField */,
				894AF0222982DCFB00AC52ED /* PinLayout */,
			);
			productName = TimetableAlpha;
			productReference = 892EC427295703C400F9D307 /* TimetableAlpha.app */;
			productType = "com.apple.product-type.application";
		};
		892EC43C295703C700F9D307 /* TimetableAlphaTests */ = {
			isa = PBXNativeTarget;
			buildConfigurationList = 892EC454295703C700F9D307 /* Build configuration list for PBXNativeTarget "TimetableAlphaTests" */;
			buildPhases = (
				892EC439295703C700F9D307 /* Sources */,
				892EC43A295703C700F9D307 /* Frameworks */,
				892EC43B295703C700F9D307 /* Resources */,
			);
			buildRules = (
			);
			dependencies = (
				892EC43F295703C700F9D307 /* PBXTargetDependency */,
			);
			name = TimetableAlphaTests;
			productName = TimetableAlphaTests;
			productReference = 892EC43D295703C700F9D307 /* TimetableAlphaTests.xctest */;
			productType = "com.apple.product-type.bundle.unit-test";
		};
		892EC446295703C700F9D307 /* TimetableAlphaUITests */ = {
			isa = PBXNativeTarget;
			buildConfigurationList = 892EC457295703C700F9D307 /* Build configuration list for PBXNativeTarget "TimetableAlphaUITests" */;
			buildPhases = (
				892EC443295703C700F9D307 /* Sources */,
				892EC444295703C700F9D307 /* Frameworks */,
				892EC445295703C700F9D307 /* Resources */,
			);
			buildRules = (
			);
			dependencies = (
				892EC449295703C700F9D307 /* PBXTargetDependency */,
			);
			name = TimetableAlphaUITests;
			productName = TimetableAlphaUITests;
			productReference = 892EC447295703C700F9D307 /* TimetableAlphaUITests.xctest */;
			productType = "com.apple.product-type.bundle.ui-testing";
		};
/* End PBXNativeTarget section */

/* Begin PBXProject section */
		892EC41F295703C400F9D307 /* Project object */ = {
			isa = PBXProject;
			attributes = {
				BuildIndependentTargetsInParallel = 1;
				LastSwiftUpdateCheck = 1320;
				LastUpgradeCheck = 1320;
				TargetAttributes = {
					892EC426295703C400F9D307 = {
						CreatedOnToolsVersion = 13.2.1;
					};
					892EC43C295703C700F9D307 = {
						CreatedOnToolsVersion = 13.2.1;
						TestTargetID = 892EC426295703C400F9D307;
					};
					892EC446295703C700F9D307 = {
						CreatedOnToolsVersion = 13.2.1;
						TestTargetID = 892EC426295703C400F9D307;
					};
				};
			};
			buildConfigurationList = 892EC422295703C400F9D307 /* Build configuration list for PBXProject "TimetableAlpha" */;
			compatibilityVersion = "Xcode 13.0";
			developmentRegion = en;
			hasScannedForEncodings = 0;
			knownRegions = (
				en,
				Base,
			);
			mainGroup = 892EC41E295703C400F9D307;
			packageReferences = (
				894AF00A2977016600AC52ED /* XCRemoteSwiftPackageReference "Kingfisher" */,
				894AF01C2980832600AC52ED /* XCRemoteSwiftPackageReference "CocoaTextField" */,
				894AF0212982DCFB00AC52ED /* XCRemoteSwiftPackageReference "PinLayout" */,
			);
			productRefGroup = 892EC428295703C400F9D307 /* Products */;
			projectDirPath = "";
			projectRoot = "";
			targets = (
				892EC426295703C400F9D307 /* TimetableAlpha */,
				892EC43C295703C700F9D307 /* TimetableAlphaTests */,
				892EC446295703C700F9D307 /* TimetableAlphaUITests */,
			);
		};
/* End PBXProject section */

/* Begin PBXResourcesBuildPhase section */
		892EC425295703C400F9D307 /* Resources */ = {
			isa = PBXResourcesBuildPhase;
			buildActionMask = 2147483647;
			files = (
				892EC437295703C700F9D307 /* LaunchScreen.storyboard in Resources */,
				892EC434295703C700F9D307 /* Assets.xcassets in Resources */,
				894AF01229770B6A00AC52ED /* CollectionViewCell.xib in Resources */,
				892EC432295703C400F9D307 /* Main.storyboard in Resources */,
			);
			runOnlyForDeploymentPostprocessing = 0;
		};
		892EC43B295703C700F9D307 /* Resources */ = {
			isa = PBXResourcesBuildPhase;
			buildActionMask = 2147483647;
			files = (
			);
			runOnlyForDeploymentPostprocessing = 0;
		};
		892EC445295703C700F9D307 /* Resources */ = {
			isa = PBXResourcesBuildPhase;
			buildActionMask = 2147483647;
			files = (
			);
			runOnlyForDeploymentPostprocessing = 0;
		};
/* End PBXResourcesBuildPhase section */

/* Begin PBXSourcesBuildPhase section */
		892EC423295703C400F9D307 /* Sources */ = {
			isa = PBXSourcesBuildPhase;
			buildActionMask = 2147483647;
			files = (
				894AF01129770B6A00AC52ED /* CollectionViewCell.swift in Sources */,
				894AF0142977155400AC52ED /* Event.swift in Sources */,
				894AF00E297707B200AC52ED /* CollectionViewController.swift in Sources */,
				892EC45D29571C8400F9D307 /* ProductTableViewCell.swift in Sources */,
				892EC46329574E6200F9D307 /* NetworkImageView.swift in Sources */,
				892EC46129574AE300F9D307 /* WeekManager.swift in Sources */,
				894AF0162977157100AC52ED /* EventManager.swift in Sources */,
				892EC42F295703C400F9D307 /* ViewController.swift in Sources */,
				892EC45F2957458C00F9D307 /* Week.swift in Sources */,
				892EC42B295703C400F9D307 /* AppDelegate.swift in Sources */,
				892EC42D295703C400F9D307 /* SceneDelegate.swift in Sources */,
				892EC45B295706C600F9D307 /* TableViewController.swift in Sources */,
				894AF0202980985100AC52ED /* AddTaskViewController.swift in Sources */,
			);
			runOnlyForDeploymentPostprocessing = 0;
		};
		892EC439295703C700F9D307 /* Sources */ = {
			isa = PBXSourcesBuildPhase;
			buildActionMask = 2147483647;
			files = (
			);
			runOnlyForDeploymentPostprocessing = 0;
		};
		892EC443295703C700F9D307 /* Sources */ = {
			isa = PBXSourcesBuildPhase;
			buildActionMask = 2147483647;
			files = (
			);
			runOnlyForDeploymentPostprocessing = 0;
		};
/* End PBXSourcesBuildPhase section */

/* Begin PBXTargetDependency section */
		892EC43F295703C700F9D307 /* PBXTargetDependency */ = {
			isa = PBXTargetDependency;
			target = 892EC426295703C400F9D307 /* TimetableAlpha */;
			targetProxy = 892EC43E295703C700F9D307 /* PBXContainerItemProxy */;
		};
		892EC449295703C700F9D307 /* PBXTargetDependency */ = {
			isa = PBXTargetDependency;
			target = 892EC426295703C400F9D307 /* TimetableAlpha */;
			targetProxy = 892EC448295703C700F9D307 /* PBXContainerItemProxy */;
		};
/* End PBXTargetDependency section */

/* Begin PBXVariantGroup section */
		892EC430295703C400F9D307 /* Main.storyboard */ = {
			isa = PBXVariantGroup;
			children = (
				892EC431295703C400F9D307 /* Base */,
			);
			name = Main.storyboard;
			sourceTree = "<group>";
		};
		892EC435295703C700F9D307 /* LaunchScreen.storyboard */ = {
			isa = PBXVariantGroup;
			children = (
				892EC436295703C700F9D307 /* Base */,
			);
			name = LaunchScreen.storyboard;
			sourceTree = "<group>";
		};
/* End PBXVariantGroup section */

/* Begin XCBuildConfiguration section */
		892EC44F295703C700F9D307 /* Debug */ = {
			isa = XCBuildConfiguration;
			buildSettings = {
				ALWAYS_SEARCH_USER_PATHS = NO;
				CLANG_ANALYZER_NONNULL = YES;
				CLANG_ANALYZER_NUMBER_OBJECT_CONVERSION = YES_AGGRESSIVE;
				CLANG_CXX_LANGUAGE_STANDARD = "gnu++17";
				CLANG_CXX_LIBRARY = "libc++";
				CLANG_ENABLE_MODULES = YES;
				CLANG_ENABLE_OBJC_ARC = YES;
				CLANG_ENABLE_OBJC_WEAK = YES;
				CLANG_WARN_BLOCK_CAPTURE_AUTORELEASING = YES;
				CLANG_WARN_BOOL_CONVERSION = YES;
				CLANG_WARN_COMMA = YES;
				CLANG_WARN_CONSTANT_CONVERSION = YES;
				CLANG_WARN_DEPRECATED_OBJC_IMPLEMENTATIONS = YES;
				CLANG_WARN_DIRECT_OBJC_ISA_USAGE = YES_ERROR;
				CLANG_WARN_DOCUMENTATION_COMMENTS = YES;
				CLANG_WARN_EMPTY_BODY = YES;
				CLANG_WARN_ENUM_CONVERSION = YES;
				CLANG_WARN_INFINITE_RECURSION = YES;
				CLANG_WARN_INT_CONVERSION = YES;
				CLANG_WARN_NON_LITERAL_NULL_CONVERSION = YES;
				CLANG_WARN_OBJC_IMPLICIT_RETAIN_SELF = YES;
				CLANG_WARN_OBJC_LITERAL_CONVERSION = YES;
				CLANG_WARN_OBJC_ROOT_CLASS = YES_ERROR;
				CLANG_WARN_QUOTED_INCLUDE_IN_FRAMEWORK_HEADER = YES;
				CLANG_WARN_RANGE_LOOP_ANALYSIS = YES;
				CLANG_WARN_STRICT_PROTOTYPES = YES;
				CLANG_WARN_SUSPICIOUS_MOVE = YES;
				CLANG_WARN_UNGUARDED_AVAILABILITY = YES_AGGRESSIVE;
				CLANG_WARN_UNREACHABLE_CODE = YES;
				CLANG_WARN__DUPLICATE_METHOD_MATCH = YES;
				COPY_PHASE_STRIP = NO;
				DEBUG_INFORMATION_FORMAT = dwarf;
				ENABLE_STRICT_OBJC_MSGSEND = YES;
				ENABLE_TESTABILITY = YES;
				GCC_C_LANGUAGE_STANDARD = gnu11;
				GCC_DYNAMIC_NO_PIC = NO;
				GCC_NO_COMMON_BLOCKS = YES;
				GCC_OPTIMIZATION_LEVEL = 0;
				GCC_PREPROCESSOR_DEFINITIONS = (
					"DEBUG=1",
					"$(inherited)",
				);
				GCC_WARN_64_TO_32_BIT_CONVERSION = YES;
				GCC_WARN_ABOUT_RETURN_TYPE = YES_ERROR;
				GCC_WARN_UNDECLARED_SELECTOR = YES;
				GCC_WARN_UNINITIALIZED_AUTOS = YES_AGGRESSIVE;
				GCC_WARN_UNUSED_FUNCTION = YES;
				GCC_WARN_UNUSED_VARIABLE = YES;
				IPHONEOS_DEPLOYMENT_TARGET = 15.2;
				MTL_ENABLE_DEBUG_INFO = INCLUDE_SOURCE;
				MTL_FAST_MATH = YES;
				ONLY_ACTIVE_ARCH = YES;
				SDKROOT = iphoneos;
				SWIFT_ACTIVE_COMPILATION_CONDITIONS = DEBUG;
				SWIFT_OPTIMIZATION_LEVEL = "-Onone";
			};
			name = Debug;
		};
		892EC450295703C700F9D307 /* Release */ = {
			isa = XCBuildConfiguration;
			buildSettings = {
				ALWAYS_SEARCH_USER_PATHS = NO;
				CLANG_ANALYZER_NONNULL = YES;
				CLANG_ANALYZER_NUMBER_OBJECT_CONVERSION = YES_AGGRESSIVE;
				CLANG_CXX_LANGUAGE_STANDARD = "gnu++17";
				CLANG_CXX_LIBRARY = "libc++";
				CLANG_ENABLE_MODULES = YES;
				CLANG_ENABLE_OBJC_ARC = YES;
				CLANG_ENABLE_OBJC_WEAK = YES;
				CLANG_WARN_BLOCK_CAPTURE_AUTORELEASING = YES;
				CLANG_WARN_BOOL_CONVERSION = YES;
				CLANG_WARN_COMMA = YES;
				CLANG_WARN_CONSTANT_CONVERSION = YES;
				CLANG_WARN_DEPRECATED_OBJC_IMPLEMENTATIONS = YES;
				CLANG_WARN_DIRECT_OBJC_ISA_USAGE = YES_ERROR;
				CLANG_WARN_DOCUMENTATION_COMMENTS = YES;
				CLANG_WARN_EMPTY_BODY = YES;
				CLANG_WARN_ENUM_CONVERSION = YES;
				CLANG_WARN_INFINITE_RECURSION = YES;
				CLANG_WARN_INT_CONVERSION = YES;
				CLANG_WARN_NON_LITERAL_NULL_CONVERSION = YES;
				CLANG_WARN_OBJC_IMPLICIT_RETAIN_SELF = YES;
				CLANG_WARN_OBJC_LITERAL_CONVERSION = YES;
				CLANG_WARN_OBJC_ROOT_CLASS = YES_ERROR;
				CLANG_WARN_QUOTED_INCLUDE_IN_FRAMEWORK_HEADER = YES;
				CLANG_WARN_RANGE_LOOP_ANALYSIS = YES;
				CLANG_WARN_STRICT_PROTOTYPES = YES;
				CLANG_WARN_SUSPICIOUS_MOVE = YES;
				CLANG_WARN_UNGUARDED_AVAILABILITY = YES_AGGRESSIVE;
				CLANG_WARN_UNREACHABLE_CODE = YES;
				CLANG_WARN__DUPLICATE_METHOD_MATCH = YES;
				COPY_PHASE_STRIP = NO;
				DEBUG_INFORMATION_FORMAT = "dwarf-with-dsym";
				ENABLE_NS_ASSERTIONS = NO;
				ENABLE_STRICT_OBJC_MSGSEND = YES;
				GCC_C_LANGUAGE_STANDARD = gnu11;
				GCC_NO_COMMON_BLOCKS = YES;
				GCC_WARN_64_TO_32_BIT_CONVERSION = YES;
				GCC_WARN_ABOUT_RETURN_TYPE = YES_ERROR;
				GCC_WARN_UNDECLARED_SELECTOR = YES;
				GCC_WARN_UNINITIALIZED_AUTOS = YES_AGGRESSIVE;
				GCC_WARN_UNUSED_FUNCTION = YES;
				GCC_WARN_UNUSED_VARIABLE = YES;
				IPHONEOS_DEPLOYMENT_TARGET = 15.2;
				MTL_ENABLE_DEBUG_INFO = NO;
				MTL_FAST_MATH = YES;
				SDKROOT = iphoneos;
				SWIFT_COMPILATION_MODE = wholemodule;
				SWIFT_OPTIMIZATION_LEVEL = "-O";
				VALIDATE_PRODUCT = YES;
			};
			name = Release;
		};
		892EC452295703C700F9D307 /* Debug */ = {
			isa = XCBuildConfiguration;
			buildSettings = {
				ASSETCATALOG_COMPILER_APPICON_NAME = AppIcon;
				ASSETCATALOG_COMPILER_GLOBAL_ACCENT_COLOR_NAME = AccentColor;
				CODE_SIGN_STYLE = Automatic;
				CURRENT_PROJECT_VERSION = 1;
				DEVELOPMENT_TEAM = Z656KG8LSL;
				GENERATE_INFOPLIST_FILE = YES;
				INFOPLIST_FILE = TimetableAlpha/Info.plist;
				INFOPLIST_KEY_UIApplicationSupportsIndirectInputEvents = YES;
				INFOPLIST_KEY_UILaunchStoryboardName = LaunchScreen;
				INFOPLIST_KEY_UIMainStoryboardFile = Main;
				INFOPLIST_KEY_UISupportedInterfaceOrientations_iPad = "UIInterfaceOrientationPortrait UIInterfaceOrientationPortraitUpsideDown UIInterfaceOrientationLandscapeLeft UIInterfaceOrientationLandscapeRight";
				INFOPLIST_KEY_UISupportedInterfaceOrientations_iPhone = "UIInterfaceOrientationPortrait UIInterfaceOrientationLandscapeLeft UIInterfaceOrientationLandscapeRight";
				LD_RUNPATH_SEARCH_PATHS = (
					"$(inherited)",
					"@executable_path/Frameworks",
				);
				MARKETING_VERSION = 1.0;
				PRODUCT_BUNDLE_IDENTIFIER = nn.TimetableAlpha;
				PRODUCT_NAME = "$(TARGET_NAME)";
				SWIFT_EMIT_LOC_STRINGS = YES;
				SWIFT_VERSION = 5.0;
				TARGETED_DEVICE_FAMILY = "1,2";
			};
			name = Debug;
		};
		892EC453295703C700F9D307 /* Release */ = {
			isa = XCBuildConfiguration;
			buildSettings = {
				ASSETCATALOG_COMPILER_APPICON_NAME = AppIcon;
				ASSETCATALOG_COMPILER_GLOBAL_ACCENT_COLOR_NAME = AccentColor;
				CODE_SIGN_STYLE = Automatic;
				CURRENT_PROJECT_VERSION = 1;
				DEVELOPMENT_TEAM = Z656KG8LSL;
				GENERATE_INFOPLIST_FILE = YES;
				INFOPLIST_FILE = TimetableAlpha/Info.plist;
				INFOPLIST_KEY_UIApplicationSupportsIndirectInputEvents = YES;
				INFOPLIST_KEY_UILaunchStoryboardName = LaunchScreen;
				INFOPLIST_KEY_UIMainStoryboardFile = Main;
				INFOPLIST_KEY_UISupportedInterfaceOrientations_iPad = "UIInterfaceOrientationPortrait UIInterfaceOrientationPortraitUpsideDown UIInterfaceOrientationLandscapeLeft UIInterfaceOrientationLandscapeRight";
				INFOPLIST_KEY_UISupportedInterfaceOrientations_iPhone = "UIInterfaceOrientationPortrait UIInterfaceOrientationLandscapeLeft UIInterfaceOrientationLandscapeRight";
				LD_RUNPATH_SEARCH_PATHS = (
					"$(inherited)",
					"@executable_path/Frameworks",
				);
				MARKETING_VERSION = 1.0;
				PRODUCT_BUNDLE_IDENTIFIER = nn.TimetableAlpha;
				PRODUCT_NAME = "$(TARGET_NAME)";
				SWIFT_EMIT_LOC_STRINGS = YES;
				SWIFT_VERSION = 5.0;
				TARGETED_DEVICE_FAMILY = "1,2";
			};
			name = Release;
		};
		892EC455295703C700F9D307 /* Debug */ = {
			isa = XCBuildConfiguration;
			buildSettings = {
				ALWAYS_EMBED_SWIFT_STANDARD_LIBRARIES = YES;
				BUNDLE_LOADER = "$(TEST_HOST)";
				CODE_SIGN_STYLE = Automatic;
				CURRENT_PROJECT_VERSION = 1;
				DEVELOPMENT_TEAM = Z656KG8LSL;
				GENERATE_INFOPLIST_FILE = YES;
				IPHONEOS_DEPLOYMENT_TARGET = 15.2;
				MARKETING_VERSION = 1.0;
				PRODUCT_BUNDLE_IDENTIFIER = nn.TimetableAlphaTests;
				PRODUCT_NAME = "$(TARGET_NAME)";
				SWIFT_EMIT_LOC_STRINGS = NO;
				SWIFT_VERSION = 5.0;
				TARGETED_DEVICE_FAMILY = "1,2";
				TEST_HOST = "$(BUILT_PRODUCTS_DIR)/TimetableAlpha.app/TimetableAlpha";
			};
			name = Debug;
		};
		892EC456295703C700F9D307 /* Release */ = {
			isa = XCBuildConfiguration;
			buildSettings = {
				ALWAYS_EMBED_SWIFT_STANDARD_LIBRARIES = YES;
				BUNDLE_LOADER = "$(TEST_HOST)";
				CODE_SIGN_STYLE = Automatic;
				CURRENT_PROJECT_VERSION = 1;
				DEVELOPMENT_TEAM = Z656KG8LSL;
				GENERATE_INFOPLIST_FILE = YES;
				IPHONEOS_DEPLOYMENT_TARGET = 15.2;
				MARKETING_VERSION = 1.0;
				PRODUCT_BUNDLE_IDENTIFIER = nn.TimetableAlphaTests;
				PRODUCT_NAME = "$(TARGET_NAME)";
				SWIFT_EMIT_LOC_STRINGS = NO;
				SWIFT_VERSION = 5.0;
				TARGETED_DEVICE_FAMILY = "1,2";
				TEST_HOST = "$(BUILT_PRODUCTS_DIR)/TimetableAlpha.app/TimetableAlpha";
			};
			name = Release;
		};
		892EC458295703C700F9D307 /* Debug */ = {
			isa = XCBuildConfiguration;
			buildSettings = {
				ALWAYS_EMBED_SWIFT_STANDARD_LIBRARIES = YES;
				CODE_SIGN_STYLE = Automatic;
				CURRENT_PROJECT_VERSION = 1;
				DEVELOPMENT_TEAM = Z656KG8LSL;
				GENERATE_INFOPLIST_FILE = YES;
				MARKETING_VERSION = 1.0;
				PRODUCT_BUNDLE_IDENTIFIER = nn.TimetableAlphaUITests;
				PRODUCT_NAME = "$(TARGET_NAME)";
				SWIFT_EMIT_LOC_STRINGS = NO;
				SWIFT_VERSION = 5.0;
				TARGETED_DEVICE_FAMILY = "1,2";
				TEST_TARGET_NAME = TimetableAlpha;
			};
			name = Debug;
		};
		892EC459295703C700F9D307 /* Release */ = {
			isa = XCBuildConfiguration;
			buildSettings = {
				ALWAYS_EMBED_SWIFT_STANDARD_LIBRARIES = YES;
				CODE_SIGN_STYLE = Automatic;
				CURRENT_PROJECT_VERSION = 1;
				DEVELOPMENT_TEAM = Z656KG8LSL;
				GENERATE_INFOPLIST_FILE = YES;
				MARKETING_VERSION = 1.0;
				PRODUCT_BUNDLE_IDENTIFIER = nn.TimetableAlphaUITests;
				PRODUCT_NAME = "$(TARGET_NAME)";
				SWIFT_EMIT_LOC_STRINGS = NO;
				SWIFT_VERSION = 5.0;
				TARGETED_DEVICE_FAMILY = "1,2";
				TEST_TARGET_NAME = TimetableAlpha;
			};
			name = Release;
		};
/* End XCBuildConfiguration section */

/* Begin XCConfigurationList section */
		892EC422295703C400F9D307 /* Build configuration list for PBXProject "TimetableAlpha" */ = {
			isa = XCConfigurationList;
			buildConfigurations = (
				892EC44F295703C700F9D307 /* Debug */,
				892EC450295703C700F9D307 /* Release */,
			);
			defaultConfigurationIsVisible = 0;
			defaultConfigurationName = Release;
		};
		892EC451295703C700F9D307 /* Build configuration list for PBXNativeTarget "TimetableAlpha" */ = {
			isa = XCConfigurationList;
			buildConfigurations = (
				892EC452295703C700F9D307 /* Debug */,
				892EC453295703C700F9D307 /* Release */,
			);
			defaultConfigurationIsVisible = 0;
			defaultConfigurationName = Release;
		};
		892EC454295703C700F9D307 /* Build configuration list for PBXNativeTarget "TimetableAlphaTests" */ = {
			isa = XCConfigurationList;
			buildConfigurations = (
				892EC455295703C700F9D307 /* Debug */,
				892EC456295703C700F9D307 /* Release */,
			);
			defaultConfigurationIsVisible = 0;
			defaultConfigurationName = Release;
		};
		892EC457295703C700F9D307 /* Build configuration list for PBXNativeTarget "TimetableAlphaUITests" */ = {
			isa = XCConfigurationList;
			buildConfigurations = (
				892EC458295703C700F9D307 /* Debug */,
				892EC459295703C700F9D307 /* Release */,
			);
			defaultConfigurationIsVisible = 0;
			defaultConfigurationName = Release;
		};
/* End XCConfigurationList section */

/* Begin XCRemoteSwiftPackageReference section */
		894AF00A2977016600AC52ED /* XCRemoteSwiftPackageReference "Kingfisher" */ = {
			isa = XCRemoteSwiftPackageReference;
			repositoryURL = "https://github.com/onevcat/Kingfisher";
			requirement = {
				kind = upToNextMajorVersion;
				minimumVersion = 7.0.0;
			};
		};
		894AF01C2980832600AC52ED /* XCRemoteSwiftPackageReference "CocoaTextField" */ = {
			isa = XCRemoteSwiftPackageReference;
			repositoryURL = "https://github.com/edgar-zigis/CocoaTextField";
			requirement = {
				kind = upToNextMajorVersion;
				minimumVersion = 1.0.0;
			};
		};
		894AF0212982DCFB00AC52ED /* XCRemoteSwiftPackageReference "PinLayout" */ = {
			isa = XCRemoteSwiftPackageReference;
			repositoryURL = "https://github.com/layoutBox/PinLayout";
			requirement = {
				kind = upToNextMajorVersion;
				minimumVersion = 1.0.0;
			};
		};
/* End XCRemoteSwiftPackageReference section */

/* Begin XCSwiftPackageProductDependency section */
		894AF00B2977016600AC52ED /* Kingfisher */ = {
			isa = XCSwiftPackageProductDependency;
			package = 894AF00A2977016600AC52ED /* XCRemoteSwiftPackageReference "Kingfisher" */;
			productName = Kingfisher;
		};
		894AF01D2980832600AC52ED /* CocoaTextField */ = {
			isa = XCSwiftPackageProductDependency;
			package = 894AF01C2980832600AC52ED /* XCRemoteSwiftPackageReference "CocoaTextField" */;
			productName = CocoaTextField;
		};
		894AF0222982DCFB00AC52ED /* PinLayout */ = {
			isa = XCSwiftPackageProductDependency;
			package = 894AF0212982DCFB00AC52ED /* XCRemoteSwiftPackageReference "PinLayout" */;
			productName = PinLayout;
		};
/* End XCSwiftPackageProductDependency section */
	};
	rootObject = 892EC41F295703C400F9D307 /* Project object */;
}
